
Microsoft Visual Studio Solution File, Format Version 12.00
# Visual Studio Version 17
VisualStudioVersion = 17.3.32901.215
MinimumVisualStudioVersion = 10.0.40219.1
Project("{FAE04EC0-301F-11D3-BF4B-00C04F79EFBC}") = "trackingapi", "trackingapi\trackingapi.csproj", "{EBB9FFA9-57EA-4259-B86C-DD6AC1A46509}"
EndProject
Project("{FAE04EC0-301F-11D3-BF4B-00C04F79EFBC}") = "trackingclient", "trackingclient\trackingclient.csproj", "{7B3A83A7-AD6F-49DE-96A1-820613418469}"
EndProject
Global
	GlobalSection(SolutionConfigurationPlatforms) = preSolution
		Debug|Any CPU = Debug|Any CPU
		Release|Any CPU = Release|Any CPU
	EndGlobalSection
	GlobalSection(ProjectConfigurationPlatforms) = postSolution
		{EBB9FFA9-57EA-4259-B86C-DD6AC1A46509}.Debug|Any CPU.ActiveCfg = Debug|Any CPU
		{EBB9FFA9-57EA-4259-B86C-DD6AC1A46509}.Debug|Any CPU.Build.0 = Debug|Any CPU
		{EBB9FFA9-57EA-4259-B86C-DD6AC1A46509}.Release|Any CPU.ActiveCfg = Release|Any CPU
		{EBB9FFA9-57EA-4259-B86C-DD6AC1A46509}.Release|Any CPU.Build.0 = Release|Any CPU
		{7B3A83A7-AD6F-49DE-96A1-820613418469}.Debug|Any CPU.ActiveCfg = Debug|Any CPU
		{7B3A83A7-AD6F-49DE-96A1-820613418469}.Debug|Any CPU.Build.0 = Debug|Any CPU
		{7B3A83A7-AD6F-49DE-96A1-820613418469}.Release|Any CPU.ActiveCfg = Release|Any CPU
		{7B3A83A7-AD6F-49DE-96A1-820613418469}.Release|Any CPU.Build.0 = Release|Any CPU
	EndGlobalSection
	GlobalSection(SolutionProperties) = preSolution
		HideSolutionNode = FALSE
	EndGlobalSection
	GlobalSection(ExtensibilityGlobals) = postSolution
		SolutionGuid = {BC7C6E25-DF79-4F0B-ABEA-8331AE702909}
	EndGlobalSection
EndGlobal
